
Microsoft Visual Studio Solution File, Format Version 12.00
# Visual Studio 14
VisualStudioVersion = 14.0.24720.0
MinimumVisualStudioVersion = 10.0.40219.1
Project("{FAE04EC0-301F-11D3-BF4B-00C04F79EFBC}") = "SongRenaming", "SongRenaming\SongRenaming.csproj", "{8C6418CF-BC6F-4C8A-A268-1B8538F6DC89}"
EndProject
Global
	GlobalSection(SolutionConfigurationPlatforms) = preSolution
		Debug|Any CPU = Debug|Any CPU
		Release|Any CPU = Release|Any CPU
	EndGlobalSection
	GlobalSection(ProjectConfigurationPlatforms) = postSolution
		{8C6418CF-BC6F-4C8A-A268-1B8538F6DC89}.Debug|Any CPU.ActiveCfg = Debug|Any CPU
		{8C6418CF-BC6F-4C8A-A268-1B8538F6DC89}.Debug|Any CPU.Build.0 = Debug|Any CPU
		{8C6418CF-BC6F-4C8A-A268-1B8538F6DC89}.Release|Any CPU.ActiveCfg = Release|Any CPU
		{8C6418CF-BC6F-4C8A-A268-1B8538F6DC89}.Release|Any CPU.Build.0 = Release|Any CPU
	EndGlobalSection
	GlobalSection(SolutionProperties) = preSolution
		HideSolutionNode = FALSE
	EndGlobalSection
EndGlobal
